
Microsoft Visual Studio Solution File, Format Version 12.00
# Visual Studio Version 17
VisualStudioVersion = 17.6.33801.468
MinimumVisualStudioVersion = 10.0.40219.1
Project("{9A19103F-16F7-4668-BE54-9A1E7A4F7556}") = "BookStore.API", "BookStore.API\BookStore.API.csproj", "{5A8C0301-5709-4F24-925E-5A221564E8CC}"
EndProject
Project("{9A19103F-16F7-4668-BE54-9A1E7A4F7556}") = "BookStore.Core", "BookStore.Core\BookStore.Core.csproj", "{A2E5C041-9D24-4645-92E3-1368B38EDF52}"
EndProject
Project("{9A19103F-16F7-4668-BE54-9A1E7A4F7556}") = "BookStore.DataAccess", "BookStore.DataAccess\BookStore.DataAccess.csproj", "{977F70E4-3966-48E7-8238-CD644C49ACCC}"
EndProject
Project("{FAE04EC0-301F-11D3-BF4B-00C04F79EFBC}") = "BookStore.Application", "BookStore.Application\BookStore.Application.csproj", "{C02428FC-ED10-4B65-B717-01DC6351D5E0}"
EndProject
Global
	GlobalSection(SolutionConfigurationPlatforms) = preSolution
		Debug|Any CPU = Debug|Any CPU
		Release|Any CPU = Release|Any CPU
	EndGlobalSection
	GlobalSection(ProjectConfigurationPlatforms) = postSolution
		{5A8C0301-5709-4F24-925E-5A221564E8CC}.Debug|Any CPU.ActiveCfg = Debug|Any CPU
		{5A8C0301-5709-4F24-925E-5A221564E8CC}.Debug|Any CPU.Build.0 = Debug|Any CPU
		{5A8C0301-5709-4F24-925E-5A221564E8CC}.Release|Any CPU.ActiveCfg = Release|Any CPU
		{5A8C0301-5709-4F24-925E-5A221564E8CC}.Release|Any CPU.Build.0 = Release|Any CPU
		{A2E5C041-9D24-4645-92E3-1368B38EDF52}.Debug|Any CPU.ActiveCfg = Debug|Any CPU
		{A2E5C041-9D24-4645-92E3-1368B38EDF52}.Debug|Any CPU.Build.0 = Debug|Any CPU
		{A2E5C041-9D24-4645-92E3-1368B38EDF52}.Release|Any CPU.ActiveCfg = Release|Any CPU
		{A2E5C041-9D24-4645-92E3-1368B38EDF52}.Release|Any CPU.Build.0 = Release|Any CPU
		{977F70E4-3966-48E7-8238-CD644C49ACCC}.Debug|Any CPU.ActiveCfg = Debug|Any CPU
		{977F70E4-3966-48E7-8238-CD644C49ACCC}.Debug|Any CPU.Build.0 = Debug|Any CPU
		{977F70E4-3966-48E7-8238-CD644C49ACCC}.Release|Any CPU.ActiveCfg = Release|Any CPU
		{977F70E4-3966-48E7-8238-CD644C49ACCC}.Release|Any CPU.Build.0 = Release|Any CPU
		{C02428FC-ED10-4B65-B717-01DC6351D5E0}.Debug|Any CPU.ActiveCfg = Debug|Any CPU
		{C02428FC-ED10-4B65-B717-01DC6351D5E0}.Debug|Any CPU.Build.0 = Debug|Any CPU
		{C02428FC-ED10-4B65-B717-01DC6351D5E0}.Release|Any CPU.ActiveCfg = Release|Any CPU
		{C02428FC-ED10-4B65-B717-01DC6351D5E0}.Release|Any CPU.Build.0 = Release|Any CPU
	EndGlobalSection
	GlobalSection(SolutionProperties) = preSolution
		HideSolutionNode = FALSE
	EndGlobalSection
	GlobalSection(ExtensibilityGlobals) = postSolution
		SolutionGuid = {2A14B236-D05F-4E7E-B624-5F330B11E3A7}
	EndGlobalSection
EndGlobal
